
Microsoft Visual Studio Solution File, Format Version 12.00
# Visual Studio Version 17
VisualStudioVersion = 17.9.34701.34
MinimumVisualStudioVersion = 10.0.40219.1
Project("{9A19103F-16F7-4668-BE54-9A1E7A4F7556}") = "URLShortener.API", "URLShortener.API\URLShortener.API.csproj", "{6BBD2D9D-FA46-4560-95B9-1E8B586389BB}"
EndProject
Project("{FAE04EC0-301F-11D3-BF4B-00C04F79EFBC}") = "URLShortener.DAL", "URLShortener.DAL\URLShortener.DAL.csproj", "{3DA4D56A-BA84-4025-8472-2962D36C33A8}"
EndProject
Global
	GlobalSection(SolutionConfigurationPlatforms) = preSolution
		Debug|Any CPU = Debug|Any CPU
		Release|Any CPU = Release|Any CPU
	EndGlobalSection
	GlobalSection(ProjectConfigurationPlatforms) = postSolution
		{6BBD2D9D-FA46-4560-95B9-1E8B586389BB}.Debug|Any CPU.ActiveCfg = Debug|Any CPU
		{6BBD2D9D-FA46-4560-95B9-1E8B586389BB}.Debug|Any CPU.Build.0 = Debug|Any CPU
		{6BBD2D9D-FA46-4560-95B9-1E8B586389BB}.Release|Any CPU.ActiveCfg = Release|Any CPU
		{6BBD2D9D-FA46-4560-95B9-1E8B586389BB}.Release|Any CPU.Build.0 = Release|Any CPU
		{3DA4D56A-BA84-4025-8472-2962D36C33A8}.Debug|Any CPU.ActiveCfg = Debug|Any CPU
		{3DA4D56A-BA84-4025-8472-2962D36C33A8}.Debug|Any CPU.Build.0 = Debug|Any CPU
		{3DA4D56A-BA84-4025-8472-2962D36C33A8}.Release|Any CPU.ActiveCfg = Release|Any CPU
		{3DA4D56A-BA84-4025-8472-2962D36C33A8}.Release|Any CPU.Build.0 = Release|Any CPU
	EndGlobalSection
	GlobalSection(SolutionProperties) = preSolution
		HideSolutionNode = FALSE
	EndGlobalSection
	GlobalSection(ExtensibilityGlobals) = postSolution
		SolutionGuid = {D3811D30-D2E5-4D5B-98A2-52F75417121D}
	EndGlobalSection
EndGlobal
